
Microsoft Visual Studio Solution File, Format Version 12.00
# Visual Studio Version 16
VisualStudioVersion = 16.0.31727.386
MinimumVisualStudioVersion = 10.0.40219.1
Project("{8BC9CEB8-8B4A-11D0-8D11-00A0C91BC942}") = "syuryosakihin4", "syuryosakihin4.vcxproj", "{F982BDD1-9803-4CE2-A179-A174D9E9CAEB}"
EndProject
Global
	GlobalSection(SolutionConfigurationPlatforms) = preSolution
		Debug|x64 = Debug|x64
		Debug|x86 = Debug|x86
		Release|x64 = Release|x64
		Release|x86 = Release|x86
	EndGlobalSection
	GlobalSection(ProjectConfigurationPlatforms) = postSolution
		{F982BDD1-9803-4CE2-A179-A174D9E9CAEB}.Debug|x64.ActiveCfg = Debug|x64
		{F982BDD1-9803-4CE2-A179-A174D9E9CAEB}.Debug|x64.Build.0 = Debug|x64
		{F982BDD1-9803-4CE2-A179-A174D9E9CAEB}.Debug|x86.ActiveCfg = Debug|Win32
		{F982BDD1-9803-4CE2-A179-A174D9E9CAEB}.Debug|x86.Build.0 = Debug|Win32
		{F982BDD1-9803-4CE2-A179-A174D9E9CAEB}.Release|x64.ActiveCfg = Release|x64
		{F982BDD1-9803-4CE2-A179-A174D9E9CAEB}.Release|x64.Build.0 = Release|x64
		{F982BDD1-9803-4CE2-A179-A174D9E9CAEB}.Release|x86.ActiveCfg = Release|Win32
		{F982BDD1-9803-4CE2-A179-A174D9E9CAEB}.Release|x86.Build.0 = Release|Win32
	EndGlobalSection
	GlobalSection(SolutionProperties) = preSolution
		HideSolutionNode = FALSE
	EndGlobalSection
	GlobalSection(ExtensibilityGlobals) = postSolution
		SolutionGuid = {DE01AAAE-1684-4C4D-9DF2-E2091EAFF8C3}
	EndGlobalSection
EndGlobal
